
Microsoft Visual Studio Solution File, Format Version 12.00
# Visual Studio Version 17
VisualStudioVersion = 17.5.33530.505
MinimumVisualStudioVersion = 10.0.40219.1
Project("{FAE04EC0-301F-11D3-BF4B-00C04F79EFBC}") = "ExResolv", "ExResolv\ExResolv.csproj", "{9D63FB84-2D82-4048-A317-903BAB8CDFEF}"
EndProject
Global
	GlobalSection(SolutionConfigurationPlatforms) = preSolution
		Debug|Any CPU = Debug|Any CPU
		Release|Any CPU = Release|Any CPU
	EndGlobalSection
	GlobalSection(ProjectConfigurationPlatforms) = postSolution
		{9D63FB84-2D82-4048-A317-903BAB8CDFEF}.Debug|Any CPU.ActiveCfg = Debug|Any CPU
		{9D63FB84-2D82-4048-A317-903BAB8CDFEF}.Debug|Any CPU.Build.0 = Debug|Any CPU
		{9D63FB84-2D82-4048-A317-903BAB8CDFEF}.Release|Any CPU.ActiveCfg = Release|Any CPU
		{9D63FB84-2D82-4048-A317-903BAB8CDFEF}.Release|Any CPU.Build.0 = Release|Any CPU
	EndGlobalSection
	GlobalSection(SolutionProperties) = preSolution
		HideSolutionNode = FALSE
	EndGlobalSection
	GlobalSection(ExtensibilityGlobals) = postSolution
		SolutionGuid = {458111F5-FD89-40EA-93AE-2867092BD6DB}
	EndGlobalSection
EndGlobal
