
Microsoft Visual Studio Solution File, Format Version 12.00
# Visual Studio Version 17
VisualStudioVersion = 17.5.33530.505
MinimumVisualStudioVersion = 10.0.40219.1
Project("{FAE04EC0-301F-11D3-BF4B-00C04F79EFBC}") = "Ex_Fixacao", "Ex_Fixacao\Ex_Fixacao.csproj", "{3D48EE3D-535B-4974-9426-A2D80633B73A}"
EndProject
Global
	GlobalSection(SolutionConfigurationPlatforms) = preSolution
		Debug|Any CPU = Debug|Any CPU
		Release|Any CPU = Release|Any CPU
	EndGlobalSection
	GlobalSection(ProjectConfigurationPlatforms) = postSolution
		{3D48EE3D-535B-4974-9426-A2D80633B73A}.Debug|Any CPU.ActiveCfg = Debug|Any CPU
		{3D48EE3D-535B-4974-9426-A2D80633B73A}.Debug|Any CPU.Build.0 = Debug|Any CPU
		{3D48EE3D-535B-4974-9426-A2D80633B73A}.Release|Any CPU.ActiveCfg = Release|Any CPU
		{3D48EE3D-535B-4974-9426-A2D80633B73A}.Release|Any CPU.Build.0 = Release|Any CPU
	EndGlobalSection
	GlobalSection(SolutionProperties) = preSolution
		HideSolutionNode = FALSE
	EndGlobalSection
	GlobalSection(ExtensibilityGlobals) = postSolution
		SolutionGuid = {804F34E0-94AE-40A9-B47E-59906BE061B8}
	EndGlobalSection
EndGlobal
